
Microsoft Visual Studio Solution File, Format Version 12.00
# Visual Studio Version 17
VisualStudioVersion = 17.9.34723.18
MinimumVisualStudioVersion = 10.0.40219.1
Project("{FAE04EC0-301F-11D3-BF4B-00C04F79EFBC}") = "WebApplication1", "WebApplication1\WebApplication1.csproj", "{D1DBFC98-CBC1-4E4A-8385-BF75F5439FCF}"
EndProject
Global
	GlobalSection(SolutionConfigurationPlatforms) = preSolution
		Debug|Any CPU = Debug|Any CPU
		Release|Any CPU = Release|Any CPU
	EndGlobalSection
	GlobalSection(ProjectConfigurationPlatforms) = postSolution
		{D1DBFC98-CBC1-4E4A-8385-BF75F5439FCF}.Debug|Any CPU.ActiveCfg = Debug|Any CPU
		{D1DBFC98-CBC1-4E4A-8385-BF75F5439FCF}.Debug|Any CPU.Build.0 = Debug|Any CPU
		{D1DBFC98-CBC1-4E4A-8385-BF75F5439FCF}.Release|Any CPU.ActiveCfg = Release|Any CPU
		{D1DBFC98-CBC1-4E4A-8385-BF75F5439FCF}.Release|Any CPU.Build.0 = Release|Any CPU
	EndGlobalSection
	GlobalSection(SolutionProperties) = preSolution
		HideSolutionNode = FALSE
	EndGlobalSection
	GlobalSection(ExtensibilityGlobals) = postSolution
		SolutionGuid = {429AAA85-F056-463B-8A62-02EF90570CB2}
	EndGlobalSection
EndGlobal
